
Microsoft Visual Studio Solution File, Format Version 12.00
# Visual Studio Version 17
VisualStudioVersion = 17.2.32616.157
MinimumVisualStudioVersion = 10.0.40219.1
Project("{9A19103F-16F7-4668-BE54-9A1E7A4F7556}") = "KasirApi.Api", "KasirApi.Api\KasirApi.Api.csproj", "{E61F7AA9-4959-49FC-9E5A-818AE2CC879D}"
EndProject
Project("{9A19103F-16F7-4668-BE54-9A1E7A4F7556}") = "KasirApi.Core", "KasirApi.Core\KasirApi.Core.csproj", "{4B45807E-19A1-4355-832D-D8DF8B38595B}"
EndProject
Project("{FAE04EC0-301F-11D3-BF4B-00C04F79EFBC}") = "KasirApi.Repository", "KasirApi.Repository\KasirApi.Repository.csproj", "{89305143-B977-404E-BE79-C97FFF125C04}"
EndProject
Global
	GlobalSection(SolutionConfigurationPlatforms) = preSolution
		Debug|Any CPU = Debug|Any CPU
		Release|Any CPU = Release|Any CPU
	EndGlobalSection
	GlobalSection(ProjectConfigurationPlatforms) = postSolution
		{E61F7AA9-4959-49FC-9E5A-818AE2CC879D}.Debug|Any CPU.ActiveCfg = Debug|Any CPU
		{E61F7AA9-4959-49FC-9E5A-818AE2CC879D}.Debug|Any CPU.Build.0 = Debug|Any CPU
		{E61F7AA9-4959-49FC-9E5A-818AE2CC879D}.Release|Any CPU.ActiveCfg = Release|Any CPU
		{E61F7AA9-4959-49FC-9E5A-818AE2CC879D}.Release|Any CPU.Build.0 = Release|Any CPU
		{4B45807E-19A1-4355-832D-D8DF8B38595B}.Debug|Any CPU.ActiveCfg = Debug|Any CPU
		{4B45807E-19A1-4355-832D-D8DF8B38595B}.Debug|Any CPU.Build.0 = Debug|Any CPU
		{4B45807E-19A1-4355-832D-D8DF8B38595B}.Release|Any CPU.ActiveCfg = Release|Any CPU
		{4B45807E-19A1-4355-832D-D8DF8B38595B}.Release|Any CPU.Build.0 = Release|Any CPU
		{89305143-B977-404E-BE79-C97FFF125C04}.Debug|Any CPU.ActiveCfg = Debug|Any CPU
		{89305143-B977-404E-BE79-C97FFF125C04}.Debug|Any CPU.Build.0 = Debug|Any CPU
		{89305143-B977-404E-BE79-C97FFF125C04}.Release|Any CPU.ActiveCfg = Release|Any CPU
		{89305143-B977-404E-BE79-C97FFF125C04}.Release|Any CPU.Build.0 = Release|Any CPU
	EndGlobalSection
	GlobalSection(SolutionProperties) = preSolution
		HideSolutionNode = FALSE
	EndGlobalSection
	GlobalSection(ExtensibilityGlobals) = postSolution
		SolutionGuid = {E3D5262B-076F-4270-B504-4533489213C5}
	EndGlobalSection
EndGlobal
